// !$*UTF8*$!
{
	archiveVersion = 1;
	classes = {
	};
	objectVersion = 54;
	objects = {

/* Begin PBXBuildFile section */
		D00189DD2992A82E00FAA406 /* rain-dance.mov in Resources */ = {isa = PBXBuildFile; fileRef = D00189DC2992A82E00FAA406 /* rain-dance.mov */; };
		D04D25782965F4C700362FA6 /* QuickPosePickerView.swift in Sources */ = {isa = PBXBuildFile; fileRef = D04D25772965F4C700362FA6 /* QuickPosePickerView.swift */; };
		D052E6EF298ACEE000A78DEC /* QuickPoseCamera in Frameworks */ = {isa = PBXBuildFile; productRef = D052E6EE298ACEE000A78DEC /* QuickPoseCamera */; };
		D052E6F1298ACEE000A78DEC /* QuickPoseCore in Frameworks */ = {isa = PBXBuildFile; productRef = D052E6F0298ACEE000A78DEC /* QuickPoseCore */; };
		D052E6F3298ACEE000A78DEC /* QuickPoseMP in Frameworks */ = {isa = PBXBuildFile; productRef = D052E6F2298ACEE000A78DEC /* QuickPoseMP */; };
		D052E6F5298ACEE000A78DEC /* QuickPoseSwiftUI in Frameworks */ = {isa = PBXBuildFile; productRef = D052E6F4298ACEE000A78DEC /* QuickPoseSwiftUI */; };
		D096814A29475BF800E00306 /* Assets.xcassets in Resources */ = {isa = PBXBuildFile; fileRef = D096814929475BF800E00306 /* Assets.xcassets */; };
		D0BB67C72976FCB000901A47 /* QuickPose_PickerDemoApp.swift in Sources */ = {isa = PBXBuildFile; fileRef = D0BB67C62976FCB000901A47 /* QuickPose_PickerDemoApp.swift */; };
		D0BF9E8629894B4300F99C08 /* happy-dance.mov in Resources */ = {isa = PBXBuildFile; fileRef = D0BF9E8529894B4300F99C08 /* happy-dance.mov */; };
		D0F9CB6F2949146500C4CB24 /* Launch Screen.storyboard in Resources */ = {isa = PBXBuildFile; fileRef = D0F9CB6E2949138100C4CB24 /* Launch Screen.storyboard */; };
/* End PBXBuildFile section */

/* Begin PBXCopyFilesBuildPhase section */
		D0F9CA772947922500C4CB24 /* Embed Frameworks */ = {
			isa = PBXCopyFilesBuildPhase;
			buildActionMask = 2147483647;
			dstPath = "";
			dstSubfolderSpec = 10;
			files = (
			);
			name = "Embed Frameworks";
			runOnlyForDeploymentPostprocessing = 0;
		};
/* End PBXCopyFilesBuildPhase section */

/* Begin PBXFileReference section */
		D00189DC2992A82E00FAA406 /* rain-dance.mov */ = {isa = PBXFileReference; lastKnownFileType = video.quicktime; path = "rain-dance.mov"; sourceTree = "<group>"; };
		D04D25772965F4C700362FA6 /* QuickPosePickerView.swift */ = {isa = PBXFileReference; fileEncoding = 4; lastKnownFileType = sourcecode.swift; path = QuickPosePickerView.swift; sourceTree = "<group>"; };
		D052E6ED298ACED500A78DEC /* quickpose-ios-sdk */ = {isa = PBXFileReference; lastKnownFileType = wrapper; name = "quickpose-ios-sdk"; path = ../../..; sourceTree = "<group>"; };
		D058E7BB2977FE0900982DF1 /* Info.plist */ = {isa = PBXFileReference; fileEncoding = 4; lastKnownFileType = text.plist.xml; path = Info.plist; sourceTree = "<group>"; };
		D096814229475BF700E00306 /* QuickPose Picker Demo.app */ = {isa = PBXFileReference; explicitFileType = wrapper.application; includeInIndex = 0; path = "QuickPose Picker Demo.app"; sourceTree = BUILT_PRODUCTS_DIR; };
		D096814929475BF800E00306 /* Assets.xcassets */ = {isa = PBXFileReference; lastKnownFileType = folder.assetcatalog; path = Assets.xcassets; sourceTree = "<group>"; };
		D0BB67C62976FCB000901A47 /* QuickPose_PickerDemoApp.swift */ = {isa = PBXFileReference; fileEncoding = 4; lastKnownFileType = sourcecode.swift; path = QuickPose_PickerDemoApp.swift; sourceTree = "<group>"; };
		D0BF9E8529894B4300F99C08 /* happy-dance.mov */ = {isa = PBXFileReference; lastKnownFileType = video.quicktime; path = "happy-dance.mov"; sourceTree = "<group>"; };
		D0F9CB6E2949138100C4CB24 /* Launch Screen.storyboard */ = {isa = PBXFileReference; lastKnownFileType = file.storyboard; path = "Launch Screen.storyboard"; sourceTree = "<group>"; };
/* End PBXFileReference section */

/* Begin PBXFrameworksBuildPhase section */
		D096813F29475BF700E00306 /* Frameworks */ = {
			isa = PBXFrameworksBuildPhase;
			buildActionMask = 2147483647;
			files = (
				D052E6F1298ACEE000A78DEC /* QuickPoseCore in Frameworks */,
				D052E6F3298ACEE000A78DEC /* QuickPoseMP in Frameworks */,
				D052E6EF298ACEE000A78DEC /* QuickPoseCamera in Frameworks */,
				D052E6F5298ACEE000A78DEC /* QuickPoseSwiftUI in Frameworks */,
			);
			runOnlyForDeploymentPostprocessing = 0;
		};
/* End PBXFrameworksBuildPhase section */

/* Begin PBXGroup section */
		D02AE6EB2970161500EB5081 /* Packages */ = {
			isa = PBXGroup;
			children = (
				D052E6ED298ACED500A78DEC /* quickpose-ios-sdk */,
			);
			name = Packages;
			sourceTree = "<group>";
		};
		D096813929475BF700E00306 = {
			isa = PBXGroup;
			children = (
				D02AE6EB2970161500EB5081 /* Packages */,
				D096814429475BF700E00306 /* QuickPose Demo */,
				D0F9CB6E2949138100C4CB24 /* Launch Screen.storyboard */,
				D096814329475BF700E00306 /* Products */,
				D0BEEC7E29702C6A00158CBD /* Frameworks */,
				D058E7BB2977FE0900982DF1 /* Info.plist */,
			);
			sourceTree = "<group>";
		};
		D096814329475BF700E00306 /* Products */ = {
			isa = PBXGroup;
			children = (
				D096814229475BF700E00306 /* QuickPose Picker Demo.app */,
			);
			name = Products;
			sourceTree = "<group>";
		};
		D096814429475BF700E00306 /* QuickPose Demo */ = {
			isa = PBXGroup;
			children = (
				D0BB67C62976FCB000901A47 /* QuickPose_PickerDemoApp.swift */,
				D04D25772965F4C700362FA6 /* QuickPosePickerView.swift */,
				D0BF9E8529894B4300F99C08 /* happy-dance.mov */,
				D00189DC2992A82E00FAA406 /* rain-dance.mov */,
				D096814929475BF800E00306 /* Assets.xcassets */,
			);
			path = "QuickPose Demo";
			sourceTree = "<group>";
		};
		D0BEEC7E29702C6A00158CBD /* Frameworks */ = {
			isa = PBXGroup;
			children = (
			);
			name = Frameworks;
			sourceTree = "<group>";
		};
/* End PBXGroup section */

/* Begin PBXNativeTarget section */
		D096814129475BF700E00306 /* QuickPose Picker Demo */ = {
			isa = PBXNativeTarget;
			buildConfigurationList = D096815029475BF800E00306 /* Build configuration list for PBXNativeTarget "QuickPose Picker Demo" */;
			buildPhases = (
				D096813E29475BF700E00306 /* Sources */,
				D096813F29475BF700E00306 /* Frameworks */,
				D096814029475BF700E00306 /* Resources */,
				D0F9CA772947922500C4CB24 /* Embed Frameworks */,
			);
			buildRules = (
			);
			dependencies = (
				D02AE6EE2970169300EB5081 /* PBXTargetDependency */,
			);
			name = "QuickPose Picker Demo";
			packageProductDependencies = (
				D052E6EE298ACEE000A78DEC /* QuickPoseCamera */,
				D052E6F0298ACEE000A78DEC /* QuickPoseCore */,
				D052E6F2298ACEE000A78DEC /* QuickPoseMP */,
				D052E6F4298ACEE000A78DEC /* QuickPoseSwiftUI */,
			);
			productName = "QuickPose Health";
			productReference = D096814229475BF700E00306 /* QuickPose Picker Demo.app */;
			productType = "com.apple.product-type.application";
		};
/* End PBXNativeTarget section */

/* Begin PBXProject section */
		D096813A29475BF700E00306 /* Project object */ = {
			isa = PBXProject;
			attributes = {
				BuildIndependentTargetsInParallel = 1;
				LastSwiftUpdateCheck = 1410;
				LastUpgradeCheck = 1410;
				TargetAttributes = {
					D096814129475BF700E00306 = {
						CreatedOnToolsVersion = 14.1;
						LastSwiftMigration = 1410;
					};
				};
			};
			buildConfigurationList = D096813D29475BF700E00306 /* Build configuration list for PBXProject "QuickPose Picker Demo" */;
			compatibilityVersion = "Xcode 12.0";
			developmentRegion = en;
			hasScannedForEncodings = 0;
			knownRegions = (
				en,
				Base,
			);
			mainGroup = D096813929475BF700E00306;
			packageReferences = (
			);
			productRefGroup = D096814329475BF700E00306 /* Products */;
			projectDirPath = "";
			projectRoot = "";
			targets = (
				D096814129475BF700E00306 /* QuickPose Picker Demo */,
			);
		};
/* End PBXProject section */

/* Begin PBXResourcesBuildPhase section */
		D096814029475BF700E00306 /* Resources */ = {
			isa = PBXResourcesBuildPhase;
			buildActionMask = 2147483647;
			files = (
				D00189DD2992A82E00FAA406 /* rain-dance.mov in Resources */,
				D096814A29475BF800E00306 /* Assets.xcassets in Resources */,
				D0BF9E8629894B4300F99C08 /* happy-dance.mov in Resources */,
				D0F9CB6F2949146500C4CB24 /* Launch Screen.storyboard in Resources */,
			);
			runOnlyForDeploymentPostprocessing = 0;
		};
/* End PBXResourcesBuildPhase section */

/* Begin PBXSourcesBuildPhase section */
		D096813E29475BF700E00306 /* Sources */ = {
			isa = PBXSourcesBuildPhase;
			buildActionMask = 2147483647;
			files = (
				D04D25782965F4C700362FA6 /* QuickPosePickerView.swift in Sources */,
				D0BB67C72976FCB000901A47 /* QuickPose_PickerDemoApp.swift in Sources */,
			);
			runOnlyForDeploymentPostprocessing = 0;
		};
/* End PBXSourcesBuildPhase section */

/* Begin PBXTargetDependency section */
		D02AE6EE2970169300EB5081 /* PBXTargetDependency */ = {
			isa = PBXTargetDependency;
			productRef = D02AE6ED2970169300EB5081 /* QuickPoseiOS */;
		};
/* End PBXTargetDependency section */

/* Begin XCBuildConfiguration section */
		D096814E29475BF800E00306 /* Debug */ = {
			isa = XCBuildConfiguration;
			buildSettings = {
				ALWAYS_SEARCH_USER_PATHS = NO;
				CLANG_ANALYZER_NONNULL = YES;
				CLANG_ANALYZER_NUMBER_OBJECT_CONVERSION = YES_AGGRESSIVE;
				CLANG_CXX_LANGUAGE_STANDARD = "gnu++20";
				CLANG_ENABLE_MODULES = YES;
				CLANG_ENABLE_OBJC_ARC = YES;
				CLANG_ENABLE_OBJC_WEAK = YES;
				CLANG_WARN_BLOCK_CAPTURE_AUTORELEASING = YES;
				CLANG_WARN_BOOL_CONVERSION = YES;
				CLANG_WARN_COMMA = YES;
				CLANG_WARN_CONSTANT_CONVERSION = YES;
				CLANG_WARN_DEPRECATED_OBJC_IMPLEMENTATIONS = YES;
				CLANG_WARN_DIRECT_OBJC_ISA_USAGE = YES_ERROR;
				CLANG_WARN_DOCUMENTATION_COMMENTS = YES;
				CLANG_WARN_EMPTY_BODY = YES;
				CLANG_WARN_ENUM_CONVERSION = YES;
				CLANG_WARN_INFINITE_RECURSION = YES;
				CLANG_WARN_INT_CONVERSION = YES;
				CLANG_WARN_NON_LITERAL_NULL_CONVERSION = YES;
				CLANG_WARN_OBJC_IMPLICIT_RETAIN_SELF = YES;
				CLANG_WARN_OBJC_LITERAL_CONVERSION = YES;
				CLANG_WARN_OBJC_ROOT_CLASS = YES_ERROR;
				CLANG_WARN_QUOTED_INCLUDE_IN_FRAMEWORK_HEADER = YES;
				CLANG_WARN_RANGE_LOOP_ANALYSIS = YES;
				CLANG_WARN_STRICT_PROTOTYPES = YES;
				CLANG_WARN_SUSPICIOUS_MOVE = YES;
				CLANG_WARN_UNGUARDED_AVAILABILITY = YES_AGGRESSIVE;
				CLANG_WARN_UNREACHABLE_CODE = YES;
				CLANG_WARN__DUPLICATE_METHOD_MATCH = YES;
				COPY_PHASE_STRIP = NO;
				DEBUG_INFORMATION_FORMAT = dwarf;
				ENABLE_STRICT_OBJC_MSGSEND = YES;
				ENABLE_TESTABILITY = YES;
				GCC_C_LANGUAGE_STANDARD = gnu11;
				GCC_DYNAMIC_NO_PIC = NO;
				GCC_NO_COMMON_BLOCKS = YES;
				GCC_OPTIMIZATION_LEVEL = 0;
				GCC_PREPROCESSOR_DEFINITIONS = (
					"DEBUG=1",
					"$(inherited)",
				);
				GCC_WARN_64_TO_32_BIT_CONVERSION = YES;
				GCC_WARN_ABOUT_RETURN_TYPE = YES_ERROR;
				GCC_WARN_UNDECLARED_SELECTOR = YES;
				GCC_WARN_UNINITIALIZED_AUTOS = YES_AGGRESSIVE;
				GCC_WARN_UNUSED_FUNCTION = YES;
				GCC_WARN_UNUSED_VARIABLE = YES;
				IPHONEOS_DEPLOYMENT_TARGET = 16.1;
				MTL_ENABLE_DEBUG_INFO = INCLUDE_SOURCE;
				MTL_FAST_MATH = YES;
				ONLY_ACTIVE_ARCH = YES;
				SDKROOT = iphoneos;
				SWIFT_ACTIVE_COMPILATION_CONDITIONS = DEBUG;
				SWIFT_OPTIMIZATION_LEVEL = "-Onone";
			};
			name = Debug;
		};
		D096814F29475BF800E00306 /* Release */ = {
			isa = XCBuildConfiguration;
			buildSettings = {
				ALWAYS_SEARCH_USER_PATHS = NO;
				CLANG_ANALYZER_NONNULL = YES;
				CLANG_ANALYZER_NUMBER_OBJECT_CONVERSION = YES_AGGRESSIVE;
				CLANG_CXX_LANGUAGE_STANDARD = "gnu++20";
				CLANG_ENABLE_MODULES = YES;
				CLANG_ENABLE_OBJC_ARC = YES;
				CLANG_ENABLE_OBJC_WEAK = YES;
				CLANG_WARN_BLOCK_CAPTURE_AUTORELEASING = YES;
				CLANG_WARN_BOOL_CONVERSION = YES;
				CLANG_WARN_COMMA = YES;
				CLANG_WARN_CONSTANT_CONVERSION = YES;
				CLANG_WARN_DEPRECATED_OBJC_IMPLEMENTATIONS = YES;
				CLANG_WARN_DIRECT_OBJC_ISA_USAGE = YES_ERROR;
				CLANG_WARN_DOCUMENTATION_COMMENTS = YES;
				CLANG_WARN_EMPTY_BODY = YES;
				CLANG_WARN_ENUM_CONVERSION = YES;
				CLANG_WARN_INFINITE_RECURSION = YES;
				CLANG_WARN_INT_CONVERSION = YES;
				CLANG_WARN_NON_LITERAL_NULL_CONVERSION = YES;
				CLANG_WARN_OBJC_IMPLICIT_RETAIN_SELF = YES;
				CLANG_WARN_OBJC_LITERAL_CONVERSION = YES;
				CLANG_WARN_OBJC_ROOT_CLASS = YES_ERROR;
				CLANG_WARN_QUOTED_INCLUDE_IN_FRAMEWORK_HEADER = YES;
				CLANG_WARN_RANGE_LOOP_ANALYSIS = YES;
				CLANG_WARN_STRICT_PROTOTYPES = YES;
				CLANG_WARN_SUSPICIOUS_MOVE = YES;
				CLANG_WARN_UNGUARDED_AVAILABILITY = YES_AGGRESSIVE;
				CLANG_WARN_UNREACHABLE_CODE = YES;
				CLANG_WARN__DUPLICATE_METHOD_MATCH = YES;
				COPY_PHASE_STRIP = NO;
				DEBUG_INFORMATION_FORMAT = "dwarf-with-dsym";
				ENABLE_NS_ASSERTIONS = NO;
				ENABLE_STRICT_OBJC_MSGSEND = YES;
				GCC_C_LANGUAGE_STANDARD = gnu11;
				GCC_NO_COMMON_BLOCKS = YES;
				GCC_WARN_64_TO_32_BIT_CONVERSION = YES;
				GCC_WARN_ABOUT_RETURN_TYPE = YES_ERROR;
				GCC_WARN_UNDECLARED_SELECTOR = YES;
				GCC_WARN_UNINITIALIZED_AUTOS = YES_AGGRESSIVE;
				GCC_WARN_UNUSED_FUNCTION = YES;
				GCC_WARN_UNUSED_VARIABLE = YES;
				IPHONEOS_DEPLOYMENT_TARGET = 16.1;
				MTL_ENABLE_DEBUG_INFO = NO;
				MTL_FAST_MATH = YES;
				SDKROOT = iphoneos;
				SWIFT_COMPILATION_MODE = wholemodule;
				SWIFT_OPTIMIZATION_LEVEL = "-O";
				VALIDATE_PRODUCT = YES;
			};
			name = Release;
		};
		D096815129475BF800E00306 /* Debug */ = {
			isa = XCBuildConfiguration;
			buildSettings = {
				ASSETCATALOG_COMPILER_APPICON_NAME = AppIcon;
				ASSETCATALOG_COMPILER_GLOBAL_ACCENT_COLOR_NAME = AccentColor;
				CLANG_ENABLE_MODULES = YES;
				CODE_SIGN_STYLE = Automatic;
				CURRENT_PROJECT_VERSION = 1;
				DEVELOPMENT_TEAM = 22W63VGZT5;
				ENABLE_PREVIEWS = YES;
				GENERATE_INFOPLIST_FILE = NO;
				INFOPLIST_FILE = Info.plist;
				INFOPLIST_KEY_LSApplicationCategoryType = "public.app-category.healthcare-fitness";
				INFOPLIST_KEY_UIApplicationSceneManifest_Generation = YES;
				INFOPLIST_KEY_UIApplicationSupportsIndirectInputEvents = YES;
				INFOPLIST_KEY_UILaunchScreen_Generation = YES;
				INFOPLIST_KEY_UISupportedInterfaceOrientations_iPad = "UIInterfaceOrientationPortrait UIInterfaceOrientationPortraitUpsideDown UIInterfaceOrientationLandscapeLeft UIInterfaceOrientationLandscapeRight";
				INFOPLIST_KEY_UISupportedInterfaceOrientations_iPhone = "UIInterfaceOrientationPortrait UIInterfaceOrientationLandscapeLeft UIInterfaceOrientationLandscapeRight";
				IPHONEOS_DEPLOYMENT_TARGET = 15;
				LD_RUNPATH_SEARCH_PATHS = (
					"$(inherited)",
					"@executable_path/Frameworks",
				);
				MARKETING_VERSION = 1.0;
				PRODUCT_BUNDLE_IDENTIFIER = ai.quickpose.pickerdemo;
				PRODUCT_NAME = "$(TARGET_NAME)";
				SUPPORTED_PLATFORMS = "iphoneos iphonesimulator";
				SUPPORTS_MACCATALYST = NO;
				SUPPORTS_MAC_DESIGNED_FOR_IPHONE_IPAD = YES;
				SWIFT_EMIT_LOC_STRINGS = YES;
				SWIFT_OPTIMIZATION_LEVEL = "-Onone";
				SWIFT_VERSION = 5.0;
				TARGETED_DEVICE_FAMILY = 1;
			};
			name = Debug;
		};
		D096815229475BF800E00306 /* Release */ = {
			isa = XCBuildConfiguration;
			buildSettings = {
				ASSETCATALOG_COMPILER_APPICON_NAME = AppIcon;
				ASSETCATALOG_COMPILER_GLOBAL_ACCENT_COLOR_NAME = AccentColor;
				CLANG_ENABLE_MODULES = YES;
				CODE_SIGN_STYLE = Automatic;
				CURRENT_PROJECT_VERSION = 1;
				DEVELOPMENT_TEAM = 22W63VGZT5;
				ENABLE_PREVIEWS = YES;
				GENERATE_INFOPLIST_FILE = NO;
				INFOPLIST_FILE = Info.plist;
				INFOPLIST_KEY_LSApplicationCategoryType = "public.app-category.healthcare-fitness";
				INFOPLIST_KEY_UIApplicationSceneManifest_Generation = YES;
				INFOPLIST_KEY_UIApplicationSupportsIndirectInputEvents = YES;
				INFOPLIST_KEY_UILaunchScreen_Generation = YES;
				INFOPLIST_KEY_UISupportedInterfaceOrientations_iPad = "UIInterfaceOrientationPortrait UIInterfaceOrientationPortraitUpsideDown UIInterfaceOrientationLandscapeLeft UIInterfaceOrientationLandscapeRight";
				INFOPLIST_KEY_UISupportedInterfaceOrientations_iPhone = "UIInterfaceOrientationPortrait UIInterfaceOrientationLandscapeLeft UIInterfaceOrientationLandscapeRight";
				IPHONEOS_DEPLOYMENT_TARGET = 15;
				LD_RUNPATH_SEARCH_PATHS = (
					"$(inherited)",
					"@executable_path/Frameworks",
				);
				MARKETING_VERSION = 1.0;
				PRODUCT_BUNDLE_IDENTIFIER = ai.quickpose.pickerdemo;
				PRODUCT_NAME = "$(TARGET_NAME)";
				SUPPORTED_PLATFORMS = "iphoneos iphonesimulator";
				SUPPORTS_MACCATALYST = NO;
				SUPPORTS_MAC_DESIGNED_FOR_IPHONE_IPAD = YES;
				SWIFT_EMIT_LOC_STRINGS = YES;
				SWIFT_VERSION = 5.0;
				TARGETED_DEVICE_FAMILY = 1;
			};
			name = Release;
		};
/* End XCBuildConfiguration section */

/* Begin XCConfigurationList section */
		D096813D29475BF700E00306 /* Build configuration list for PBXProject "QuickPose Picker Demo" */ = {
			isa = XCConfigurationList;
			buildConfigurations = (
				D096814E29475BF800E00306 /* Debug */,
				D096814F29475BF800E00306 /* Release */,
			);
			defaultConfigurationIsVisible = 0;
			defaultConfigurationName = Release;
		};
		D096815029475BF800E00306 /* Build configuration list for PBXNativeTarget "QuickPose Picker Demo" */ = {
			isa = XCConfigurationList;
			buildConfigurations = (
				D096815129475BF800E00306 /* Debug */,
				D096815229475BF800E00306 /* Release */,
			);
			defaultConfigurationIsVisible = 0;
			defaultConfigurationName = Release;
		};
/* End XCConfigurationList section */

/* Begin XCSwiftPackageProductDependency section */
		D02AE6ED2970169300EB5081 /* QuickPoseiOS */ = {
			isa = XCSwiftPackageProductDependency;
			productName = QuickPoseiOS;
		};
		D052E6EE298ACEE000A78DEC /* QuickPoseCamera */ = {
			isa = XCSwiftPackageProductDependency;
			productName = QuickPoseCamera;
		};
		D052E6F0298ACEE000A78DEC /* QuickPoseCore */ = {
			isa = XCSwiftPackageProductDependency;
			productName = QuickPoseCore;
		};
		D052E6F2298ACEE000A78DEC /* QuickPoseMP */ = {
			isa = XCSwiftPackageProductDependency;
			productName = QuickPoseMP;
		};
		D052E6F4298ACEE000A78DEC /* QuickPoseSwiftUI */ = {
			isa = XCSwiftPackageProductDependency;
			productName = QuickPoseSwiftUI;
		};
/* End XCSwiftPackageProductDependency section */
	};
	rootObject = D096813A29475BF700E00306 /* Project object */;
}
