// !$*UTF8*$!
{
	archiveVersion = 1;
	classes = {
	};
	objectVersion = 56;
	objects = {

/* Begin PBXBuildFile section */
		D003502B297EE54A0009AFDA /* QuickPoseCamera in Frameworks */ = {isa = PBXBuildFile; productRef = D003502A297EE54A0009AFDA /* QuickPoseCamera */; };
		D01D9D12298A74BF00643071 /* happy-dance.mov in Resources */ = {isa = PBXBuildFile; fileRef = D01D9D11298A74BF00643071 /* happy-dance.mov */; };
		D0341176297ED13400289B0E /* AppDelegate.swift in Sources */ = {isa = PBXBuildFile; fileRef = D0341175297ED13400289B0E /* AppDelegate.swift */; };
		D0341178297ED13400289B0E /* SceneDelegate.swift in Sources */ = {isa = PBXBuildFile; fileRef = D0341177297ED13400289B0E /* SceneDelegate.swift */; };
		D034117A297ED13400289B0E /* ViewController.swift in Sources */ = {isa = PBXBuildFile; fileRef = D0341179297ED13400289B0E /* ViewController.swift */; };
		D034117D297ED13400289B0E /* Main.storyboard in Resources */ = {isa = PBXBuildFile; fileRef = D034117B297ED13400289B0E /* Main.storyboard */; };
		D034117F297ED13500289B0E /* Assets.xcassets in Resources */ = {isa = PBXBuildFile; fileRef = D034117E297ED13500289B0E /* Assets.xcassets */; };
		D0341182297ED13500289B0E /* LaunchScreen.storyboard in Resources */ = {isa = PBXBuildFile; fileRef = D0341180297ED13500289B0E /* LaunchScreen.storyboard */; };
		D03B2AA9297ED54200FB5F48 /* QuickPoseCore in Frameworks */ = {isa = PBXBuildFile; productRef = D03B2AA8297ED54200FB5F48 /* QuickPoseCore */; };
		D03B2AAB297ED54200FB5F48 /* QuickPoseMP in Frameworks */ = {isa = PBXBuildFile; productRef = D03B2AAA297ED54200FB5F48 /* QuickPoseMP */; };
/* End PBXBuildFile section */

/* Begin PBXFileReference section */
		D01D9D11298A74BF00643071 /* happy-dance.mov */ = {isa = PBXFileReference; lastKnownFileType = video.quicktime; name = "happy-dance.mov"; path = "../../../SwiftUI/PickerDemo/QuickPose Demo/happy-dance.mov"; sourceTree = "<group>"; };
		D0341172297ED13400289B0E /* Basic Demo.app */ = {isa = PBXFileReference; explicitFileType = wrapper.application; includeInIndex = 0; path = "Basic Demo.app"; sourceTree = BUILT_PRODUCTS_DIR; };
		D0341175297ED13400289B0E /* AppDelegate.swift */ = {isa = PBXFileReference; lastKnownFileType = sourcecode.swift; path = AppDelegate.swift; sourceTree = "<group>"; };
		D0341177297ED13400289B0E /* SceneDelegate.swift */ = {isa = PBXFileReference; lastKnownFileType = sourcecode.swift; path = SceneDelegate.swift; sourceTree = "<group>"; };
		D0341179297ED13400289B0E /* ViewController.swift */ = {isa = PBXFileReference; lastKnownFileType = sourcecode.swift; path = ViewController.swift; sourceTree = "<group>"; };
		D034117C297ED13400289B0E /* Base */ = {isa = PBXFileReference; lastKnownFileType = file.storyboard; name = Base; path = Base.lproj/Main.storyboard; sourceTree = "<group>"; };
		D034117E297ED13500289B0E /* Assets.xcassets */ = {isa = PBXFileReference; lastKnownFileType = folder.assetcatalog; path = Assets.xcassets; sourceTree = "<group>"; };
		D0341181297ED13500289B0E /* Base */ = {isa = PBXFileReference; lastKnownFileType = file.storyboard; name = Base; path = Base.lproj/LaunchScreen.storyboard; sourceTree = "<group>"; };
		D0341183297ED13500289B0E /* Info.plist */ = {isa = PBXFileReference; lastKnownFileType = text.plist.xml; path = Info.plist; sourceTree = "<group>"; };
		D0A5B0CA297EE51100346519 /* quickpose-ios-sdk */ = {isa = PBXFileReference; lastKnownFileType = wrapper; name = "quickpose-ios-sdk"; path = ../../..; sourceTree = "<group>"; };
/* End PBXFileReference section */

/* Begin PBXFrameworksBuildPhase section */
		D034116F297ED13400289B0E /* Frameworks */ = {
			isa = PBXFrameworksBuildPhase;
			buildActionMask = 2147483647;
			files = (
				D03B2AAB297ED54200FB5F48 /* QuickPoseMP in Frameworks */,
				D03B2AA9297ED54200FB5F48 /* QuickPoseCore in Frameworks */,
				D003502B297EE54A0009AFDA /* QuickPoseCamera in Frameworks */,
			);
			runOnlyForDeploymentPostprocessing = 0;
		};
/* End PBXFrameworksBuildPhase section */

/* Begin PBXGroup section */
		D0341169297ED13400289B0E = {
			isa = PBXGroup;
			children = (
				D03B2AA4297ED4FB00FB5F48 /* Packages */,
				D0341174297ED13400289B0E /* Basic Demo */,
				D0341173297ED13400289B0E /* Products */,
				D03B2AA7297ED54200FB5F48 /* Frameworks */,
			);
			sourceTree = "<group>";
		};
		D0341173297ED13400289B0E /* Products */ = {
			isa = PBXGroup;
			children = (
				D0341172297ED13400289B0E /* Basic Demo.app */,
			);
			name = Products;
			sourceTree = "<group>";
		};
		D0341174297ED13400289B0E /* Basic Demo */ = {
			isa = PBXGroup;
			children = (
				D0341175297ED13400289B0E /* AppDelegate.swift */,
				D0341177297ED13400289B0E /* SceneDelegate.swift */,
				D0341179297ED13400289B0E /* ViewController.swift */,
				D034117B297ED13400289B0E /* Main.storyboard */,
				D034117E297ED13500289B0E /* Assets.xcassets */,
				D01D9D11298A74BF00643071 /* happy-dance.mov */,
				D0341180297ED13500289B0E /* LaunchScreen.storyboard */,
				D0341183297ED13500289B0E /* Info.plist */,
			);
			path = "Basic Demo";
			sourceTree = "<group>";
		};
		D03B2AA4297ED4FB00FB5F48 /* Packages */ = {
			isa = PBXGroup;
			children = (
				D0A5B0CA297EE51100346519 /* quickpose-ios-sdk */,
			);
			name = Packages;
			sourceTree = "<group>";
		};
		D03B2AA7297ED54200FB5F48 /* Frameworks */ = {
			isa = PBXGroup;
			children = (
			);
			name = Frameworks;
			sourceTree = "<group>";
		};
/* End PBXGroup section */

/* Begin PBXNativeTarget section */
		D0341171297ED13400289B0E /* Basic Demo */ = {
			isa = PBXNativeTarget;
			buildConfigurationList = D0341186297ED13500289B0E /* Build configuration list for PBXNativeTarget "Basic Demo" */;
			buildPhases = (
				D034116E297ED13400289B0E /* Sources */,
				D034116F297ED13400289B0E /* Frameworks */,
				D0341170297ED13400289B0E /* Resources */,
			);
			buildRules = (
			);
			dependencies = (
			);
			name = "Basic Demo";
			packageProductDependencies = (
				D03B2AA8297ED54200FB5F48 /* QuickPoseCore */,
				D03B2AAA297ED54200FB5F48 /* QuickPoseMP */,
				D003502A297EE54A0009AFDA /* QuickPoseCamera */,
			);
			productName = "Basic Demo";
			productReference = D0341172297ED13400289B0E /* Basic Demo.app */;
			productType = "com.apple.product-type.application";
		};
/* End PBXNativeTarget section */

/* Begin PBXProject section */
		D034116A297ED13400289B0E /* Project object */ = {
			isa = PBXProject;
			attributes = {
				BuildIndependentTargetsInParallel = 1;
				LastSwiftUpdateCheck = 1420;
				LastUpgradeCheck = 1420;
				TargetAttributes = {
					D0341171297ED13400289B0E = {
						CreatedOnToolsVersion = 14.2;
					};
				};
			};
			buildConfigurationList = D034116D297ED13400289B0E /* Build configuration list for PBXProject "Basic Demo" */;
			compatibilityVersion = "Xcode 14.0";
			developmentRegion = en;
			hasScannedForEncodings = 0;
			knownRegions = (
				en,
				Base,
			);
			mainGroup = D0341169297ED13400289B0E;
			productRefGroup = D0341173297ED13400289B0E /* Products */;
			projectDirPath = "";
			projectRoot = "";
			targets = (
				D0341171297ED13400289B0E /* Basic Demo */,
			);
		};
/* End PBXProject section */

/* Begin PBXResourcesBuildPhase section */
		D0341170297ED13400289B0E /* Resources */ = {
			isa = PBXResourcesBuildPhase;
			buildActionMask = 2147483647;
			files = (
				D0341182297ED13500289B0E /* LaunchScreen.storyboard in Resources */,
				D01D9D12298A74BF00643071 /* happy-dance.mov in Resources */,
				D034117F297ED13500289B0E /* Assets.xcassets in Resources */,
				D034117D297ED13400289B0E /* Main.storyboard in Resources */,
			);
			runOnlyForDeploymentPostprocessing = 0;
		};
/* End PBXResourcesBuildPhase section */

/* Begin PBXSourcesBuildPhase section */
		D034116E297ED13400289B0E /* Sources */ = {
			isa = PBXSourcesBuildPhase;
			buildActionMask = 2147483647;
			files = (
				D034117A297ED13400289B0E /* ViewController.swift in Sources */,
				D0341176297ED13400289B0E /* AppDelegate.swift in Sources */,
				D0341178297ED13400289B0E /* SceneDelegate.swift in Sources */,
			);
			runOnlyForDeploymentPostprocessing = 0;
		};
/* End PBXSourcesBuildPhase section */

/* Begin PBXVariantGroup section */
		D034117B297ED13400289B0E /* Main.storyboard */ = {
			isa = PBXVariantGroup;
			children = (
				D034117C297ED13400289B0E /* Base */,
			);
			name = Main.storyboard;
			sourceTree = "<group>";
		};
		D0341180297ED13500289B0E /* LaunchScreen.storyboard */ = {
			isa = PBXVariantGroup;
			children = (
				D0341181297ED13500289B0E /* Base */,
			);
			name = LaunchScreen.storyboard;
			sourceTree = "<group>";
		};
/* End PBXVariantGroup section */

/* Begin XCBuildConfiguration section */
		D0341184297ED13500289B0E /* Debug */ = {
			isa = XCBuildConfiguration;
			buildSettings = {
				ALWAYS_SEARCH_USER_PATHS = NO;
				CLANG_ANALYZER_NONNULL = YES;
				CLANG_ANALYZER_NUMBER_OBJECT_CONVERSION = YES_AGGRESSIVE;
				CLANG_CXX_LANGUAGE_STANDARD = "gnu++20";
				CLANG_ENABLE_MODULES = YES;
				CLANG_ENABLE_OBJC_ARC = YES;
				CLANG_ENABLE_OBJC_WEAK = YES;
				CLANG_WARN_BLOCK_CAPTURE_AUTORELEASING = YES;
				CLANG_WARN_BOOL_CONVERSION = YES;
				CLANG_WARN_COMMA = YES;
				CLANG_WARN_CONSTANT_CONVERSION = YES;
				CLANG_WARN_DEPRECATED_OBJC_IMPLEMENTATIONS = YES;
				CLANG_WARN_DIRECT_OBJC_ISA_USAGE = YES_ERROR;
				CLANG_WARN_DOCUMENTATION_COMMENTS = YES;
				CLANG_WARN_EMPTY_BODY = YES;
				CLANG_WARN_ENUM_CONVERSION = YES;
				CLANG_WARN_INFINITE_RECURSION = YES;
				CLANG_WARN_INT_CONVERSION = YES;
				CLANG_WARN_NON_LITERAL_NULL_CONVERSION = YES;
				CLANG_WARN_OBJC_IMPLICIT_RETAIN_SELF = YES;
				CLANG_WARN_OBJC_LITERAL_CONVERSION = YES;
				CLANG_WARN_OBJC_ROOT_CLASS = YES_ERROR;
				CLANG_WARN_QUOTED_INCLUDE_IN_FRAMEWORK_HEADER = YES;
				CLANG_WARN_RANGE_LOOP_ANALYSIS = YES;
				CLANG_WARN_STRICT_PROTOTYPES = YES;
				CLANG_WARN_SUSPICIOUS_MOVE = YES;
				CLANG_WARN_UNGUARDED_AVAILABILITY = YES_AGGRESSIVE;
				CLANG_WARN_UNREACHABLE_CODE = YES;
				CLANG_WARN__DUPLICATE_METHOD_MATCH = YES;
				COPY_PHASE_STRIP = NO;
				DEBUG_INFORMATION_FORMAT = dwarf;
				ENABLE_STRICT_OBJC_MSGSEND = YES;
				ENABLE_TESTABILITY = YES;
				GCC_C_LANGUAGE_STANDARD = gnu11;
				GCC_DYNAMIC_NO_PIC = NO;
				GCC_NO_COMMON_BLOCKS = YES;
				GCC_OPTIMIZATION_LEVEL = 0;
				GCC_PREPROCESSOR_DEFINITIONS = (
					"DEBUG=1",
					"$(inherited)",
				);
				GCC_WARN_64_TO_32_BIT_CONVERSION = YES;
				GCC_WARN_ABOUT_RETURN_TYPE = YES_ERROR;
				GCC_WARN_UNDECLARED_SELECTOR = YES;
				GCC_WARN_UNINITIALIZED_AUTOS = YES_AGGRESSIVE;
				GCC_WARN_UNUSED_FUNCTION = YES;
				GCC_WARN_UNUSED_VARIABLE = YES;
				IPHONEOS_DEPLOYMENT_TARGET = 16.2;
				MTL_ENABLE_DEBUG_INFO = INCLUDE_SOURCE;
				MTL_FAST_MATH = YES;
				ONLY_ACTIVE_ARCH = YES;
				SDKROOT = iphoneos;
				SWIFT_ACTIVE_COMPILATION_CONDITIONS = DEBUG;
				SWIFT_OPTIMIZATION_LEVEL = "-Onone";
			};
			name = Debug;
		};
		D0341185297ED13500289B0E /* Release */ = {
			isa = XCBuildConfiguration;
			buildSettings = {
				ALWAYS_SEARCH_USER_PATHS = NO;
				CLANG_ANALYZER_NONNULL = YES;
				CLANG_ANALYZER_NUMBER_OBJECT_CONVERSION = YES_AGGRESSIVE;
				CLANG_CXX_LANGUAGE_STANDARD = "gnu++20";
				CLANG_ENABLE_MODULES = YES;
				CLANG_ENABLE_OBJC_ARC = YES;
				CLANG_ENABLE_OBJC_WEAK = YES;
				CLANG_WARN_BLOCK_CAPTURE_AUTORELEASING = YES;
				CLANG_WARN_BOOL_CONVERSION = YES;
				CLANG_WARN_COMMA = YES;
				CLANG_WARN_CONSTANT_CONVERSION = YES;
				CLANG_WARN_DEPRECATED_OBJC_IMPLEMENTATIONS = YES;
				CLANG_WARN_DIRECT_OBJC_ISA_USAGE = YES_ERROR;
				CLANG_WARN_DOCUMENTATION_COMMENTS = YES;
				CLANG_WARN_EMPTY_BODY = YES;
				CLANG_WARN_ENUM_CONVERSION = YES;
				CLANG_WARN_INFINITE_RECURSION = YES;
				CLANG_WARN_INT_CONVERSION = YES;
				CLANG_WARN_NON_LITERAL_NULL_CONVERSION = YES;
				CLANG_WARN_OBJC_IMPLICIT_RETAIN_SELF = YES;
				CLANG_WARN_OBJC_LITERAL_CONVERSION = YES;
				CLANG_WARN_OBJC_ROOT_CLASS = YES_ERROR;
				CLANG_WARN_QUOTED_INCLUDE_IN_FRAMEWORK_HEADER = YES;
				CLANG_WARN_RANGE_LOOP_ANALYSIS = YES;
				CLANG_WARN_STRICT_PROTOTYPES = YES;
				CLANG_WARN_SUSPICIOUS_MOVE = YES;
				CLANG_WARN_UNGUARDED_AVAILABILITY = YES_AGGRESSIVE;
				CLANG_WARN_UNREACHABLE_CODE = YES;
				CLANG_WARN__DUPLICATE_METHOD_MATCH = YES;
				COPY_PHASE_STRIP = NO;
				DEBUG_INFORMATION_FORMAT = "dwarf-with-dsym";
				ENABLE_NS_ASSERTIONS = NO;
				ENABLE_STRICT_OBJC_MSGSEND = YES;
				GCC_C_LANGUAGE_STANDARD = gnu11;
				GCC_NO_COMMON_BLOCKS = YES;
				GCC_WARN_64_TO_32_BIT_CONVERSION = YES;
				GCC_WARN_ABOUT_RETURN_TYPE = YES_ERROR;
				GCC_WARN_UNDECLARED_SELECTOR = YES;
				GCC_WARN_UNINITIALIZED_AUTOS = YES_AGGRESSIVE;
				GCC_WARN_UNUSED_FUNCTION = YES;
				GCC_WARN_UNUSED_VARIABLE = YES;
				IPHONEOS_DEPLOYMENT_TARGET = 16.2;
				MTL_ENABLE_DEBUG_INFO = NO;
				MTL_FAST_MATH = YES;
				SDKROOT = iphoneos;
				SWIFT_COMPILATION_MODE = wholemodule;
				SWIFT_OPTIMIZATION_LEVEL = "-O";
				VALIDATE_PRODUCT = YES;
			};
			name = Release;
		};
		D0341187297ED13500289B0E /* Debug */ = {
			isa = XCBuildConfiguration;
			buildSettings = {
				ASSETCATALOG_COMPILER_APPICON_NAME = AppIcon;
				ASSETCATALOG_COMPILER_GLOBAL_ACCENT_COLOR_NAME = AccentColor;
				CODE_SIGN_STYLE = Automatic;
				CURRENT_PROJECT_VERSION = 1;
				DEVELOPMENT_TEAM = 22W63VGZT5;
				GENERATE_INFOPLIST_FILE = YES;
				INFOPLIST_FILE = "Basic Demo/Info.plist";
				INFOPLIST_KEY_UIApplicationSupportsIndirectInputEvents = YES;
				INFOPLIST_KEY_UILaunchStoryboardName = LaunchScreen;
				INFOPLIST_KEY_UIMainStoryboardFile = Main;
				INFOPLIST_KEY_UISupportedInterfaceOrientations_iPad = "UIInterfaceOrientationPortrait UIInterfaceOrientationPortraitUpsideDown UIInterfaceOrientationLandscapeLeft UIInterfaceOrientationLandscapeRight";
				INFOPLIST_KEY_UISupportedInterfaceOrientations_iPhone = "UIInterfaceOrientationPortrait UIInterfaceOrientationLandscapeLeft UIInterfaceOrientationLandscapeRight";
				LD_RUNPATH_SEARCH_PATHS = (
					"$(inherited)",
					"@executable_path/Frameworks",
				);
				MARKETING_VERSION = 1.0;
				PRODUCT_BUNDLE_IDENTIFIER = "ai.quickpose.Basic-Demo";
				PRODUCT_NAME = "$(TARGET_NAME)";
				SWIFT_EMIT_LOC_STRINGS = YES;
				SWIFT_VERSION = 5.0;
				TARGETED_DEVICE_FAMILY = "1,2";
			};
			name = Debug;
		};
		D0341188297ED13500289B0E /* Release */ = {
			isa = XCBuildConfiguration;
			buildSettings = {
				ASSETCATALOG_COMPILER_APPICON_NAME = AppIcon;
				ASSETCATALOG_COMPILER_GLOBAL_ACCENT_COLOR_NAME = AccentColor;
				CODE_SIGN_STYLE = Automatic;
				CURRENT_PROJECT_VERSION = 1;
				DEVELOPMENT_TEAM = 22W63VGZT5;
				GENERATE_INFOPLIST_FILE = YES;
				INFOPLIST_FILE = "Basic Demo/Info.plist";
				INFOPLIST_KEY_UIApplicationSupportsIndirectInputEvents = YES;
				INFOPLIST_KEY_UILaunchStoryboardName = LaunchScreen;
				INFOPLIST_KEY_UIMainStoryboardFile = Main;
				INFOPLIST_KEY_UISupportedInterfaceOrientations_iPad = "UIInterfaceOrientationPortrait UIInterfaceOrientationPortraitUpsideDown UIInterfaceOrientationLandscapeLeft UIInterfaceOrientationLandscapeRight";
				INFOPLIST_KEY_UISupportedInterfaceOrientations_iPhone = "UIInterfaceOrientationPortrait UIInterfaceOrientationLandscapeLeft UIInterfaceOrientationLandscapeRight";
				LD_RUNPATH_SEARCH_PATHS = (
					"$(inherited)",
					"@executable_path/Frameworks",
				);
				MARKETING_VERSION = 1.0;
				PRODUCT_BUNDLE_IDENTIFIER = "ai.quickpose.Basic-Demo";
				PRODUCT_NAME = "$(TARGET_NAME)";
				SWIFT_EMIT_LOC_STRINGS = YES;
				SWIFT_VERSION = 5.0;
				TARGETED_DEVICE_FAMILY = "1,2";
			};
			name = Release;
		};
/* End XCBuildConfiguration section */

/* Begin XCConfigurationList section */
		D034116D297ED13400289B0E /* Build configuration list for PBXProject "Basic Demo" */ = {
			isa = XCConfigurationList;
			buildConfigurations = (
				D0341184297ED13500289B0E /* Debug */,
				D0341185297ED13500289B0E /* Release */,
			);
			defaultConfigurationIsVisible = 0;
			defaultConfigurationName = Release;
		};
		D0341186297ED13500289B0E /* Build configuration list for PBXNativeTarget "Basic Demo" */ = {
			isa = XCConfigurationList;
			buildConfigurations = (
				D0341187297ED13500289B0E /* Debug */,
				D0341188297ED13500289B0E /* Release */,
			);
			defaultConfigurationIsVisible = 0;
			defaultConfigurationName = Release;
		};
/* End XCConfigurationList section */

/* Begin XCSwiftPackageProductDependency section */
		D003502A297EE54A0009AFDA /* QuickPoseCamera */ = {
			isa = XCSwiftPackageProductDependency;
			productName = QuickPoseCamera;
		};
		D03B2AA8297ED54200FB5F48 /* QuickPoseCore */ = {
			isa = XCSwiftPackageProductDependency;
			productName = QuickPoseCore;
		};
		D03B2AAA297ED54200FB5F48 /* QuickPoseMP */ = {
			isa = XCSwiftPackageProductDependency;
			productName = QuickPoseMP;
		};
/* End XCSwiftPackageProductDependency section */
	};
	rootObject = D034116A297ED13400289B0E /* Project object */;
}
